
Microsoft Visual Studio Solution File, Format Version 12.00
# Visual Studio Version 16
VisualStudioVersion = 16.0.31205.134
MinimumVisualStudioVersion = 10.0.40219.1
Project("{8BC9CEB8-8B4A-11D0-8D11-00A0C91BC942}") = "Kutuphane", "Kutuphane\Kutuphane.vcxproj", "{47053992-7553-453C-B2F2-EFF3B03ADF60}"
EndProject
Global
	GlobalSection(SolutionConfigurationPlatforms) = preSolution
		Debug|x64 = Debug|x64
		Debug|x86 = Debug|x86
		Release|x64 = Release|x64
		Release|x86 = Release|x86
	EndGlobalSection
	GlobalSection(ProjectConfigurationPlatforms) = postSolution
		{47053992-7553-453C-B2F2-EFF3B03ADF60}.Debug|x64.ActiveCfg = Debug|x64
		{47053992-7553-453C-B2F2-EFF3B03ADF60}.Debug|x64.Build.0 = Debug|x64
		{47053992-7553-453C-B2F2-EFF3B03ADF60}.Debug|x86.ActiveCfg = Debug|Win32
		{47053992-7553-453C-B2F2-EFF3B03ADF60}.Debug|x86.Build.0 = Debug|Win32
		{47053992-7553-453C-B2F2-EFF3B03ADF60}.Release|x64.ActiveCfg = Release|x64
		{47053992-7553-453C-B2F2-EFF3B03ADF60}.Release|x64.Build.0 = Release|x64
		{47053992-7553-453C-B2F2-EFF3B03ADF60}.Release|x86.ActiveCfg = Release|Win32
		{47053992-7553-453C-B2F2-EFF3B03ADF60}.Release|x86.Build.0 = Release|Win32
	EndGlobalSection
	GlobalSection(SolutionProperties) = preSolution
		HideSolutionNode = FALSE
	EndGlobalSection
	GlobalSection(ExtensibilityGlobals) = postSolution
		SolutionGuid = {79DD4BAB-DE13-4678-8CE6-CE52E3C4C061}
	EndGlobalSection
EndGlobal
